// !$*UTF8*$!
{
	archiveVersion = 1;
	classes = {
	};
	objectVersion = 46;
	objects = {

/* Begin PBXBuildFile section */
		0E090A921C4F9E0B00F15915 /* MJRefresh.framework in Frameworks */ = {isa = PBXBuildFile; fileRef = 0E090A911C4F9E0B00F15915 /* MJRefresh.framework */; };
		0E090A941C4FD94200F15915 /* BaseNaviController.swift in Sources */ = {isa = PBXBuildFile; fileRef = 0E090A931C4FD94200F15915 /* BaseNaviController.swift */; };
		0E090A981C4FDEC800F15915 /* PSColor.swift in Sources */ = {isa = PBXBuildFile; fileRef = 0E090A971C4FDEC800F15915 /* PSColor.swift */; };
		0E090A9B1C4FDFDD00F15915 /* MainViewController.swift in Sources */ = {isa = PBXBuildFile; fileRef = 0E090A9A1C4FDFDD00F15915 /* MainViewController.swift */; };
		0E2C9D741C50725400E511FB /* HomeViewController.swift in Sources */ = {isa = PBXBuildFile; fileRef = 0E2C9D731C50725400E511FB /* HomeViewController.swift */; };
		0E2C9D761C50726700E511FB /* MessageViewController.swift in Sources */ = {isa = PBXBuildFile; fileRef = 0E2C9D751C50726700E511FB /* MessageViewController.swift */; };
		0E2C9D781C50727600E511FB /* MyViewController.swift in Sources */ = {isa = PBXBuildFile; fileRef = 0E2C9D771C50727600E511FB /* MyViewController.swift */; };
		0E2C9D7A1C50728400E511FB /* ProjectViewController.swift in Sources */ = {isa = PBXBuildFile; fileRef = 0E2C9D791C50728400E511FB /* ProjectViewController.swift */; };
		0E2C9D7C1C50742F00E511FB /* HomeViewController.xib in Resources */ = {isa = PBXBuildFile; fileRef = 0E2C9D7B1C50742F00E511FB /* HomeViewController.xib */; };
		0E2C9D7E1C50746F00E511FB /* MessageViewController.xib in Resources */ = {isa = PBXBuildFile; fileRef = 0E2C9D7D1C50746F00E511FB /* MessageViewController.xib */; };
		0E2C9D801C50748F00E511FB /* MyViewController.xib in Resources */ = {isa = PBXBuildFile; fileRef = 0E2C9D7F1C50748F00E511FB /* MyViewController.xib */; };
		0E2C9D821C5074B200E511FB /* ProjectViewController.xib in Resources */ = {isa = PBXBuildFile; fileRef = 0E2C9D811C5074B200E511FB /* ProjectViewController.xib */; };
		0E443E4F1C489C6B001459D1 /* NetWorkingUtil.swift in Sources */ = {isa = PBXBuildFile; fileRef = 0E443E4E1C489C6B001459D1 /* NetWorkingUtil.swift */; };
		0E5E13E81C43459B00E01CCE /* AppDelegate.swift in Sources */ = {isa = PBXBuildFile; fileRef = 0E5E13E71C43459B00E01CCE /* AppDelegate.swift */; };
		0E5E13EA1C43459B00E01CCE /* ViewController.swift in Sources */ = {isa = PBXBuildFile; fileRef = 0E5E13E91C43459B00E01CCE /* ViewController.swift */; };
		0E5E13ED1C43459B00E01CCE /* Main.storyboard in Resources */ = {isa = PBXBuildFile; fileRef = 0E5E13EB1C43459B00E01CCE /* Main.storyboard */; };
		0E5E13EF1C43459B00E01CCE /* Assets.xcassets in Resources */ = {isa = PBXBuildFile; fileRef = 0E5E13EE1C43459B00E01CCE /* Assets.xcassets */; };
		0E5E13F21C43459B00E01CCE /* LaunchScreen.storyboard in Resources */ = {isa = PBXBuildFile; fileRef = 0E5E13F01C43459B00E01CCE /* LaunchScreen.storyboard */; };
		0E5E13FD1C43459B00E01CCE /* OurProjectBySwiftTests.swift in Sources */ = {isa = PBXBuildFile; fileRef = 0E5E13FC1C43459B00E01CCE /* OurProjectBySwiftTests.swift */; };
		0E5E14081C43459C00E01CCE /* OurProjectBySwiftUITests.swift in Sources */ = {isa = PBXBuildFile; fileRef = 0E5E14071C43459C00E01CCE /* OurProjectBySwiftUITests.swift */; };
		0E6381101C4F735B00D471D0 /* PSBarButtonItem.swift in Sources */ = {isa = PBXBuildFile; fileRef = 0E63810F1C4F735A00D471D0 /* PSBarButtonItem.swift */; };
		0E723ED21C464FA90096E8BB /* BaseView.swift in Sources */ = {isa = PBXBuildFile; fileRef = 0E723ED11C464FA90096E8BB /* BaseView.swift */; };
		0E723ED41C4650560096E8BB /* BaseViewController.swift in Sources */ = {isa = PBXBuildFile; fileRef = 0E723ED31C4650560096E8BB /* BaseViewController.swift */; };
		0E8907811C437E6D0059EC45 /* UserInfo.m in Sources */ = {isa = PBXBuildFile; fileRef = 0E8907801C437E6D0059EC45 /* UserInfo.m */; };
		8E7040F714808605F91E5CDC /* Pods_OurProjectBySwift.framework in Frameworks */ = {isa = PBXBuildFile; fileRef = B624FF685D935F9CF1965864 /* Pods_OurProjectBySwift.framework */; settings = {ATTRIBUTES = (Weak, ); }; };
/* End PBXBuildFile section */

/* Begin PBXContainerItemProxy section */
		0E5E13F91C43459B00E01CCE /* PBXContainerItemProxy */ = {
			isa = PBXContainerItemProxy;
			containerPortal = 0E5E13DC1C43459B00E01CCE /* Project object */;
			proxyType = 1;
			remoteGlobalIDString = 0E5E13E31C43459B00E01CCE;
			remoteInfo = OurProjectBySwift;
		};
		0E5E14041C43459B00E01CCE /* PBXContainerItemProxy */ = {
			isa = PBXContainerItemProxy;
			containerPortal = 0E5E13DC1C43459B00E01CCE /* Project object */;
			proxyType = 1;
			remoteGlobalIDString = 0E5E13E31C43459B00E01CCE;
			remoteInfo = OurProjectBySwift;
		};
/* End PBXContainerItemProxy section */

/* Begin PBXFileReference section */
		0E090A8F1C4F95F300F15915 /* MJRefresh.framework */ = {isa = PBXFileReference; lastKnownFileType = wrapper.framework; name = MJRefresh.framework; path = "Pods/../build/Debug-iphoneos/MJRefresh.framework"; sourceTree = "<group>"; };
		0E090A911C4F9E0B00F15915 /* MJRefresh.framework */ = {isa = PBXFileReference; lastKnownFileType = wrapper.framework; name = MJRefresh.framework; path = "Pods/../build/Release-iphoneos/MJRefresh.framework"; sourceTree = "<group>"; };
		0E090A931C4FD94200F15915 /* BaseNaviController.swift */ = {isa = PBXFileReference; fileEncoding = 4; lastKnownFileType = sourcecode.swift; path = BaseNaviController.swift; sourceTree = "<group>"; };
		0E090A971C4FDEC800F15915 /* PSColor.swift */ = {isa = PBXFileReference; fileEncoding = 4; lastKnownFileType = sourcecode.swift; path = PSColor.swift; sourceTree = "<group>"; };
		0E090A9A1C4FDFDD00F15915 /* MainViewController.swift */ = {isa = PBXFileReference; fileEncoding = 4; lastKnownFileType = sourcecode.swift; path = MainViewController.swift; sourceTree = "<group>"; };
		0E2C9D731C50725400E511FB /* HomeViewController.swift */ = {isa = PBXFileReference; fileEncoding = 4; lastKnownFileType = sourcecode.swift; path = HomeViewController.swift; sourceTree = "<group>"; };
		0E2C9D751C50726700E511FB /* MessageViewController.swift */ = {isa = PBXFileReference; fileEncoding = 4; lastKnownFileType = sourcecode.swift; path = MessageViewController.swift; sourceTree = "<group>"; };
		0E2C9D771C50727600E511FB /* MyViewController.swift */ = {isa = PBXFileReference; fileEncoding = 4; lastKnownFileType = sourcecode.swift; path = MyViewController.swift; sourceTree = "<group>"; };
		0E2C9D791C50728400E511FB /* ProjectViewController.swift */ = {isa = PBXFileReference; fileEncoding = 4; lastKnownFileType = sourcecode.swift; path = ProjectViewController.swift; sourceTree = "<group>"; };
		0E2C9D7B1C50742F00E511FB /* HomeViewController.xib */ = {isa = PBXFileReference; fileEncoding = 4; lastKnownFileType = file.xib; path = HomeViewController.xib; sourceTree = "<group>"; };
		0E2C9D7D1C50746F00E511FB /* MessageViewController.xib */ = {isa = PBXFileReference; fileEncoding = 4; lastKnownFileType = file.xib; path = MessageViewController.xib; sourceTree = "<group>"; };
		0E2C9D7F1C50748F00E511FB /* MyViewController.xib */ = {isa = PBXFileReference; fileEncoding = 4; lastKnownFileType = file.xib; path = MyViewController.xib; sourceTree = "<group>"; };
		0E2C9D811C5074B200E511FB /* ProjectViewController.xib */ = {isa = PBXFileReference; fileEncoding = 4; lastKnownFileType = file.xib; path = ProjectViewController.xib; sourceTree = "<group>"; };
		0E443E4E1C489C6B001459D1 /* NetWorkingUtil.swift */ = {isa = PBXFileReference; fileEncoding = 4; lastKnownFileType = sourcecode.swift; path = NetWorkingUtil.swift; sourceTree = "<group>"; };
		0E5E13E41C43459B00E01CCE /* OurProjectBySwift.app */ = {isa = PBXFileReference; explicitFileType = wrapper.application; includeInIndex = 0; path = OurProjectBySwift.app; sourceTree = BUILT_PRODUCTS_DIR; };
		0E5E13E71C43459B00E01CCE /* AppDelegate.swift */ = {isa = PBXFileReference; lastKnownFileType = sourcecode.swift; path = AppDelegate.swift; sourceTree = "<group>"; };
		0E5E13E91C43459B00E01CCE /* ViewController.swift */ = {isa = PBXFileReference; lastKnownFileType = sourcecode.swift; path = ViewController.swift; sourceTree = "<group>"; };
		0E5E13EC1C43459B00E01CCE /* Base */ = {isa = PBXFileReference; lastKnownFileType = file.storyboard; name = Base; path = Base.lproj/Main.storyboard; sourceTree = "<group>"; };
		0E5E13EE1C43459B00E01CCE /* Assets.xcassets */ = {isa = PBXFileReference; lastKnownFileType = folder.assetcatalog; path = Assets.xcassets; sourceTree = "<group>"; };
		0E5E13F11C43459B00E01CCE /* Base */ = {isa = PBXFileReference; lastKnownFileType = file.storyboard; name = Base; path = Base.lproj/LaunchScreen.storyboard; sourceTree = "<group>"; };
		0E5E13F31C43459B00E01CCE /* Info.plist */ = {isa = PBXFileReference; lastKnownFileType = text.plist.xml; path = Info.plist; sourceTree = "<group>"; };
		0E5E13F81C43459B00E01CCE /* OurProjectBySwiftTests.xctest */ = {isa = PBXFileReference; explicitFileType = wrapper.cfbundle; includeInIndex = 0; path = OurProjectBySwiftTests.xctest; sourceTree = BUILT_PRODUCTS_DIR; };
		0E5E13FC1C43459B00E01CCE /* OurProjectBySwiftTests.swift */ = {isa = PBXFileReference; lastKnownFileType = sourcecode.swift; path = OurProjectBySwiftTests.swift; sourceTree = "<group>"; };
		0E5E13FE1C43459B00E01CCE /* Info.plist */ = {isa = PBXFileReference; lastKnownFileType = text.plist.xml; path = Info.plist; sourceTree = "<group>"; };
		0E5E14031C43459B00E01CCE /* OurProjectBySwiftUITests.xctest */ = {isa = PBXFileReference; explicitFileType = wrapper.cfbundle; includeInIndex = 0; path = OurProjectBySwiftUITests.xctest; sourceTree = BUILT_PRODUCTS_DIR; };
		0E5E14071C43459C00E01CCE /* OurProjectBySwiftUITests.swift */ = {isa = PBXFileReference; lastKnownFileType = sourcecode.swift; path = OurProjectBySwiftUITests.swift; sourceTree = "<group>"; };
		0E5E14091C43459C00E01CCE /* Info.plist */ = {isa = PBXFileReference; lastKnownFileType = text.plist.xml; path = Info.plist; sourceTree = "<group>"; };
		0E63810F1C4F735A00D471D0 /* PSBarButtonItem.swift */ = {isa = PBXFileReference; fileEncoding = 4; lastKnownFileType = sourcecode.swift; path = PSBarButtonItem.swift; sourceTree = "<group>"; };
		0E723ED11C464FA90096E8BB /* BaseView.swift */ = {isa = PBXFileReference; fileEncoding = 4; lastKnownFileType = sourcecode.swift; path = BaseView.swift; sourceTree = "<group>"; };
		0E723ED31C4650560096E8BB /* BaseViewController.swift */ = {isa = PBXFileReference; fileEncoding = 4; lastKnownFileType = sourcecode.swift; path = BaseViewController.swift; sourceTree = "<group>"; };
		0E89077E1C437E6C0059EC45 /* OurProjectBySwift-Bridging-Header.h */ = {isa = PBXFileReference; lastKnownFileType = sourcecode.c.h; path = "OurProjectBySwift-Bridging-Header.h"; sourceTree = "<group>"; };
		0E89077F1C437E6D0059EC45 /* UserInfo.h */ = {isa = PBXFileReference; fileEncoding = 4; lastKnownFileType = sourcecode.c.h; path = UserInfo.h; sourceTree = "<group>"; };
		0E8907801C437E6D0059EC45 /* UserInfo.m */ = {isa = PBXFileReference; fileEncoding = 4; lastKnownFileType = sourcecode.c.objc; path = UserInfo.m; sourceTree = "<group>"; };
		7D40F16FE3E2B8B247E68337 /* Pods-OurProjectBySwift.release.xcconfig */ = {isa = PBXFileReference; includeInIndex = 1; lastKnownFileType = text.xcconfig; name = "Pods-OurProjectBySwift.release.xcconfig"; path = "Pods/Target Support Files/Pods-OurProjectBySwift/Pods-OurProjectBySwift.release.xcconfig"; sourceTree = "<group>"; };
		806CA4FA3EF868CA595B6F78 /* Pods-OurProjectBySwift.debug.xcconfig */ = {isa = PBXFileReference; includeInIndex = 1; lastKnownFileType = text.xcconfig; name = "Pods-OurProjectBySwift.debug.xcconfig"; path = "Pods/Target Support Files/Pods-OurProjectBySwift/Pods-OurProjectBySwift.debug.xcconfig"; sourceTree = "<group>"; };
		B624FF685D935F9CF1965864 /* Pods_OurProjectBySwift.framework */ = {isa = PBXFileReference; explicitFileType = wrapper.framework; includeInIndex = 0; path = Pods_OurProjectBySwift.framework; sourceTree = BUILT_PRODUCTS_DIR; };
/* End PBXFileReference section */

/* Begin PBXFrameworksBuildPhase section */
		0E5E13E11C43459B00E01CCE /* Frameworks */ = {
			isa = PBXFrameworksBuildPhase;
			buildActionMask = 2147483647;
			files = (
				0E090A921C4F9E0B00F15915 /* MJRefresh.framework in Frameworks */,
				8E7040F714808605F91E5CDC /* Pods_OurProjectBySwift.framework in Frameworks */,
			);
			runOnlyForDeploymentPostprocessing = 0;
		};
		0E5E13F51C43459B00E01CCE /* Frameworks */ = {
			isa = PBXFrameworksBuildPhase;
			buildActionMask = 2147483647;
			files = (
			);
			runOnlyForDeploymentPostprocessing = 0;
		};
		0E5E14001C43459B00E01CCE /* Frameworks */ = {
			isa = PBXFrameworksBuildPhase;
			buildActionMask = 2147483647;
			files = (
			);
			runOnlyForDeploymentPostprocessing = 0;
		};
/* End PBXFrameworksBuildPhase section */

/* Begin PBXGroup section */
		0E090A991C4FDF2700F15915 /* Color */ = {
			isa = PBXGroup;
			children = (
				0E090A971C4FDEC800F15915 /* PSColor.swift */,
			);
			name = Color;
			sourceTree = "<group>";
		};
		0E2C9D631C50722900E511FB /* Home */ = {
			isa = PBXGroup;
			children = (
				0E2C9D641C50722900E511FB /* Controller */,
				0E2C9D651C50722900E511FB /* Model */,
				0E2C9D661C50722900E511FB /* View */,
			);
			path = Home;
			sourceTree = "<group>";
		};
		0E2C9D641C50722900E511FB /* Controller */ = {
			isa = PBXGroup;
			children = (
				0E2C9D731C50725400E511FB /* HomeViewController.swift */,
				0E2C9D7B1C50742F00E511FB /* HomeViewController.xib */,
			);
			path = Controller;
			sourceTree = "<group>";
		};
		0E2C9D651C50722900E511FB /* Model */ = {
			isa = PBXGroup;
			children = (
			);
			path = Model;
			sourceTree = "<group>";
		};
		0E2C9D661C50722900E511FB /* View */ = {
			isa = PBXGroup;
			children = (
			);
			path = View;
			sourceTree = "<group>";
		};
		0E2C9D671C50722900E511FB /* Message */ = {
			isa = PBXGroup;
			children = (
				0E2C9D681C50722900E511FB /* Controller */,
				0E2C9D691C50722900E511FB /* Model */,
				0E2C9D6A1C50722900E511FB /* View */,
			);
			path = Message;
			sourceTree = "<group>";
		};
		0E2C9D681C50722900E511FB /* Controller */ = {
			isa = PBXGroup;
			children = (
				0E2C9D751C50726700E511FB /* MessageViewController.swift */,
				0E2C9D7D1C50746F00E511FB /* MessageViewController.xib */,
			);
			path = Controller;
			sourceTree = "<group>";
		};
		0E2C9D691C50722900E511FB /* Model */ = {
			isa = PBXGroup;
			children = (
			);
			path = Model;
			sourceTree = "<group>";
		};
		0E2C9D6A1C50722900E511FB /* View */ = {
			isa = PBXGroup;
			children = (
			);
			path = View;
			sourceTree = "<group>";
		};
		0E2C9D6B1C50722900E511FB /* My */ = {
			isa = PBXGroup;
			children = (
				0E2C9D6C1C50722900E511FB /* Controller */,
				0E2C9D6D1C50722900E511FB /* Model */,
				0E2C9D6E1C50722900E511FB /* View */,
			);
			path = My;
			sourceTree = "<group>";
		};
		0E2C9D6C1C50722900E511FB /* Controller */ = {
			isa = PBXGroup;
			children = (
				0E2C9D771C50727600E511FB /* MyViewController.swift */,
				0E2C9D7F1C50748F00E511FB /* MyViewController.xib */,
			);
			path = Controller;
			sourceTree = "<group>";
		};
		0E2C9D6D1C50722900E511FB /* Model */ = {
			isa = PBXGroup;
			children = (
			);
			path = Model;
			sourceTree = "<group>";
		};
		0E2C9D6E1C50722900E511FB /* View */ = {
			isa = PBXGroup;
			children = (
			);
			path = View;
			sourceTree = "<group>";
		};
		0E2C9D6F1C50722900E511FB /* Project */ = {
			isa = PBXGroup;
			children = (
				0E2C9D701C50722900E511FB /* Controller */,
				0E2C9D711C50722900E511FB /* Model */,
				0E2C9D721C50722900E511FB /* View */,
			);
			path = Project;
			sourceTree = "<group>";
		};
		0E2C9D701C50722900E511FB /* Controller */ = {
			isa = PBXGroup;
			children = (
				0E2C9D791C50728400E511FB /* ProjectViewController.swift */,
				0E2C9D811C5074B200E511FB /* ProjectViewController.xib */,
			);
			path = Controller;
			sourceTree = "<group>";
		};
		0E2C9D711C50722900E511FB /* Model */ = {
			isa = PBXGroup;
			children = (
			);
			path = Model;
			sourceTree = "<group>";
		};
		0E2C9D721C50722900E511FB /* View */ = {
			isa = PBXGroup;
			children = (
			);
			path = View;
			sourceTree = "<group>";
		};
		0E443E4C1C489C36001459D1 /* Util */ = {
			isa = PBXGroup;
			children = (
				0E443E4D1C489C36001459D1 /* NetWorking */,
			);
			path = Util;
			sourceTree = "<group>";
		};
		0E443E4D1C489C36001459D1 /* NetWorking */ = {
			isa = PBXGroup;
			children = (
				0E443E4E1C489C6B001459D1 /* NetWorkingUtil.swift */,
			);
			path = NetWorking;
			sourceTree = "<group>";
		};
		0E5E13DB1C43459B00E01CCE = {
			isa = PBXGroup;
			children = (
				0E5E13E61C43459B00E01CCE /* OurProjectBySwift */,
				0E5E13FB1C43459B00E01CCE /* OurProjectBySwiftTests */,
				0E5E14061C43459C00E01CCE /* OurProjectBySwiftUITests */,
				0E5E13E51C43459B00E01CCE /* Products */,
				ADFDD05A5B49B8004CE53449 /* Pods */,
				22CBEAE30B704716F260C58A /* Frameworks */,
			);
			sourceTree = "<group>";
		};
		0E5E13E51C43459B00E01CCE /* Products */ = {
			isa = PBXGroup;
			children = (
				0E5E13E41C43459B00E01CCE /* OurProjectBySwift.app */,
				0E5E13F81C43459B00E01CCE /* OurProjectBySwiftTests.xctest */,
				0E5E14031C43459B00E01CCE /* OurProjectBySwiftUITests.xctest */,
			);
			name = Products;
			sourceTree = "<group>";
		};
		0E5E13E61C43459B00E01CCE /* OurProjectBySwift */ = {
			isa = PBXGroup;
			children = (
				0E2C9D631C50722900E511FB /* Home */,
				0E2C9D671C50722900E511FB /* Message */,
				0E2C9D6B1C50722900E511FB /* My */,
				0E2C9D6F1C50722900E511FB /* Project */,
				0E443E4C1C489C36001459D1 /* Util */,
				0E723EC71C463B420096E8BB /* Common */,
				0E5E13E71C43459B00E01CCE /* AppDelegate.swift */,
				0E5E13E91C43459B00E01CCE /* ViewController.swift */,
				0E5E13EB1C43459B00E01CCE /* Main.storyboard */,
				0E5E13EE1C43459B00E01CCE /* Assets.xcassets */,
				0E5E13F01C43459B00E01CCE /* LaunchScreen.storyboard */,
				0E5E13F31C43459B00E01CCE /* Info.plist */,
				0E89077F1C437E6D0059EC45 /* UserInfo.h */,
				0E8907801C437E6D0059EC45 /* UserInfo.m */,
				0E89077E1C437E6C0059EC45 /* OurProjectBySwift-Bridging-Header.h */,
			);
			path = OurProjectBySwift;
			sourceTree = "<group>";
		};
		0E5E13FB1C43459B00E01CCE /* OurProjectBySwiftTests */ = {
			isa = PBXGroup;
			children = (
				0E5E13FC1C43459B00E01CCE /* OurProjectBySwiftTests.swift */,
				0E5E13FE1C43459B00E01CCE /* Info.plist */,
			);
			path = OurProjectBySwiftTests;
			sourceTree = "<group>";
		};
		0E5E14061C43459C00E01CCE /* OurProjectBySwiftUITests */ = {
			isa = PBXGroup;
			children = (
				0E5E14071C43459C00E01CCE /* OurProjectBySwiftUITests.swift */,
				0E5E14091C43459C00E01CCE /* Info.plist */,
			);
			path = OurProjectBySwiftUITests;
			sourceTree = "<group>";
		};
		0E723EC71C463B420096E8BB /* Common */ = {
			isa = PBXGroup;
			children = (
				0E090A991C4FDF2700F15915 /* Color */,
				0E723EC81C463B420096E8BB /* Controller */,
				0E723EC91C463B420096E8BB /* Model */,
				0E723ECA1C463B420096E8BB /* View */,
			);
			path = Common;
			sourceTree = "<group>";
		};
		0E723EC81C463B420096E8BB /* Controller */ = {
			isa = PBXGroup;
			children = (
				0E723ED11C464FA90096E8BB /* BaseView.swift */,
				0E723ED31C4650560096E8BB /* BaseViewController.swift */,
				0E090A931C4FD94200F15915 /* BaseNaviController.swift */,
				0E090A9A1C4FDFDD00F15915 /* MainViewController.swift */,
			);
			path = Controller;
			sourceTree = "<group>";
		};
		0E723EC91C463B420096E8BB /* Model */ = {
			isa = PBXGroup;
			children = (
			);
			path = Model;
			sourceTree = "<group>";
		};
		0E723ECA1C463B420096E8BB /* View */ = {
			isa = PBXGroup;
			children = (
				0E63810F1C4F735A00D471D0 /* PSBarButtonItem.swift */,
			);
			path = View;
			sourceTree = "<group>";
		};
		22CBEAE30B704716F260C58A /* Frameworks */ = {
			isa = PBXGroup;
			children = (
				0E090A911C4F9E0B00F15915 /* MJRefresh.framework */,
				0E090A8F1C4F95F300F15915 /* MJRefresh.framework */,
				B624FF685D935F9CF1965864 /* Pods_OurProjectBySwift.framework */,
			);
			name = Frameworks;
			sourceTree = "<group>";
		};
		ADFDD05A5B49B8004CE53449 /* Pods */ = {
			isa = PBXGroup;
			children = (
				806CA4FA3EF868CA595B6F78 /* Pods-OurProjectBySwift.debug.xcconfig */,
				7D40F16FE3E2B8B247E68337 /* Pods-OurProjectBySwift.release.xcconfig */,
			);
			name = Pods;
			sourceTree = "<group>";
		};
/* End PBXGroup section */

/* Begin PBXNativeTarget section */
		0E5E13E31C43459B00E01CCE /* OurProjectBySwift */ = {
			isa = PBXNativeTarget;
			buildConfigurationList = 0E5E140C1C43459C00E01CCE /* Build configuration list for PBXNativeTarget "OurProjectBySwift" */;
			buildPhases = (
				6C62FC321ED5EB155AC26457 /* Check Pods Manifest.lock */,
				0E5E13E01C43459B00E01CCE /* Sources */,
				0E5E13E11C43459B00E01CCE /* Frameworks */,
				0E5E13E21C43459B00E01CCE /* Resources */,
				1BE99F8DBC2AAFE5A0D6ADEF /* Embed Pods Frameworks */,
				FFF48E88EB9A680AF39CDDBC /* Copy Pods Resources */,
				0E6381111C4F7D2F00D471D0 /* ShellScript */,
			);
			buildRules = (
			);
			dependencies = (
			);
			name = OurProjectBySwift;
			productName = OurProjectBySwift;
			productReference = 0E5E13E41C43459B00E01CCE /* OurProjectBySwift.app */;
			productType = "com.apple.product-type.application";
		};
		0E5E13F71C43459B00E01CCE /* OurProjectBySwiftTests */ = {
			isa = PBXNativeTarget;
			buildConfigurationList = 0E5E140F1C43459C00E01CCE /* Build configuration list for PBXNativeTarget "OurProjectBySwiftTests" */;
			buildPhases = (
				0E5E13F41C43459B00E01CCE /* Sources */,
				0E5E13F51C43459B00E01CCE /* Frameworks */,
				0E5E13F61C43459B00E01CCE /* Resources */,
			);
			buildRules = (
			);
			dependencies = (
				0E5E13FA1C43459B00E01CCE /* PBXTargetDependency */,
			);
			name = OurProjectBySwiftTests;
			productName = OurProjectBySwiftTests;
			productReference = 0E5E13F81C43459B00E01CCE /* OurProjectBySwiftTests.xctest */;
			productType = "com.apple.product-type.bundle.unit-test";
		};
		0E5E14021C43459B00E01CCE /* OurProjectBySwiftUITests */ = {
			isa = PBXNativeTarget;
			buildConfigurationList = 0E5E14121C43459C00E01CCE /* Build configuration list for PBXNativeTarget "OurProjectBySwiftUITests" */;
			buildPhases = (
				0E5E13FF1C43459B00E01CCE /* Sources */,
				0E5E14001C43459B00E01CCE /* Frameworks */,
				0E5E14011C43459B00E01CCE /* Resources */,
			);
			buildRules = (
			);
			dependencies = (
				0E5E14051C43459B00E01CCE /* PBXTargetDependency */,
			);
			name = OurProjectBySwiftUITests;
			productName = OurProjectBySwiftUITests;
			productReference = 0E5E14031C43459B00E01CCE /* OurProjectBySwiftUITests.xctest */;
			productType = "com.apple.product-type.bundle.ui-testing";
		};
/* End PBXNativeTarget section */

/* Begin PBXProject section */
		0E5E13DC1C43459B00E01CCE /* Project object */ = {
			isa = PBXProject;
			attributes = {
				LastSwiftUpdateCheck = 0720;
				LastUpgradeCheck = 0720;
				ORGANIZATIONNAME = www.niuduz.com;
				TargetAttributes = {
					0E5E13E31C43459B00E01CCE = {
						CreatedOnToolsVersion = 7.2;
					};
					0E5E13F71C43459B00E01CCE = {
						CreatedOnToolsVersion = 7.2;
						TestTargetID = 0E5E13E31C43459B00E01CCE;
					};
					0E5E14021C43459B00E01CCE = {
						CreatedOnToolsVersion = 7.2;
						TestTargetID = 0E5E13E31C43459B00E01CCE;
					};
				};
			};
			buildConfigurationList = 0E5E13DF1C43459B00E01CCE /* Build configuration list for PBXProject "OurProjectBySwift" */;
			compatibilityVersion = "Xcode 3.2";
			developmentRegion = English;
			hasScannedForEncodings = 0;
			knownRegions = (
				en,
				Base,
			);
			mainGroup = 0E5E13DB1C43459B00E01CCE;
			productRefGroup = 0E5E13E51C43459B00E01CCE /* Products */;
			projectDirPath = "";
			projectRoot = "";
			targets = (
				0E5E13E31C43459B00E01CCE /* OurProjectBySwift */,
				0E5E13F71C43459B00E01CCE /* OurProjectBySwiftTests */,
				0E5E14021C43459B00E01CCE /* OurProjectBySwiftUITests */,
			);
		};
/* End PBXProject section */

/* Begin PBXResourcesBuildPhase section */
		0E5E13E21C43459B00E01CCE /* Resources */ = {
			isa = PBXResourcesBuildPhase;
			buildActionMask = 2147483647;
			files = (
				0E5E13F21C43459B00E01CCE /* LaunchScreen.storyboard in Resources */,
				0E2C9D7E1C50746F00E511FB /* MessageViewController.xib in Resources */,
				0E2C9D821C5074B200E511FB /* ProjectViewController.xib in Resources */,
				0E2C9D801C50748F00E511FB /* MyViewController.xib in Resources */,
				0E5E13EF1C43459B00E01CCE /* Assets.xcassets in Resources */,
				0E5E13ED1C43459B00E01CCE /* Main.storyboard in Resources */,
				0E2C9D7C1C50742F00E511FB /* HomeViewController.xib in Resources */,
			);
			runOnlyForDeploymentPostprocessing = 0;
		};
		0E5E13F61C43459B00E01CCE /* Resources */ = {
			isa = PBXResourcesBuildPhase;
			buildActionMask = 2147483647;
			files = (
			);
			runOnlyForDeploymentPostprocessing = 0;
		};
		0E5E14011C43459B00E01CCE /* Resources */ = {
			isa = PBXResourcesBuildPhase;
			buildActionMask = 2147483647;
			files = (
			);
			runOnlyForDeploymentPostprocessing = 0;
		};
/* End PBXResourcesBuildPhase section */

/* Begin PBXShellScriptBuildPhase section */
		0E6381111C4F7D2F00D471D0 /* ShellScript */ = {
			isa = PBXShellScriptBuildPhase;
			buildActionMask = 2147483647;
			files = (
			);
			inputPaths = (
			);
			outputPaths = (
			);
			runOnlyForDeploymentPostprocessing = 0;
			shellPath = /bin/sh;
			shellScript = "TAGS=\"TODO:|FIXME:\"\necho \"searching ${SRCROOT} for ${TAGS}\"\nfind \"${SRCROOT}\" \\( -name \"*.swift\" \\) -print0 | xargs -0 egrep --with-filename --line-number --only-matching \"($TAGS).*\\$\" | perl -p -e \"s/($TAGS)/ warning: \\$1/\"";
		};
		1BE99F8DBC2AAFE5A0D6ADEF /* Embed Pods Frameworks */ = {
			isa = PBXShellScriptBuildPhase;
			buildActionMask = 2147483647;
			files = (
			);
			inputPaths = (
			);
			name = "Embed Pods Frameworks";
			outputPaths = (
			);
			runOnlyForDeploymentPostprocessing = 0;
			shellPath = /bin/sh;
			shellScript = "\"${SRCROOT}/Pods/Target Support Files/Pods-OurProjectBySwift/Pods-OurProjectBySwift-frameworks.sh\"\n";
			showEnvVarsInLog = 0;
		};
		6C62FC321ED5EB155AC26457 /* Check Pods Manifest.lock */ = {
			isa = PBXShellScriptBuildPhase;
			buildActionMask = 2147483647;
			files = (
			);
			inputPaths = (
			);
			name = "Check Pods Manifest.lock";
			outputPaths = (
			);
			runOnlyForDeploymentPostprocessing = 0;
			shellPath = /bin/sh;
			shellScript = "diff \"${PODS_ROOT}/../Podfile.lock\" \"${PODS_ROOT}/Manifest.lock\" > /dev/null\nif [[ $? != 0 ]] ; then\n    cat << EOM\nerror: The sandbox is not in sync with the Podfile.lock. Run 'pod install' or update your CocoaPods installation.\nEOM\n    exit 1\nfi\n";
			showEnvVarsInLog = 0;
		};
		FFF48E88EB9A680AF39CDDBC /* Copy Pods Resources */ = {
			isa = PBXShellScriptBuildPhase;
			buildActionMask = 2147483647;
			files = (
			);
			inputPaths = (
			);
			name = "Copy Pods Resources";
			outputPaths = (
			);
			runOnlyForDeploymentPostprocessing = 0;
			shellPath = /bin/sh;
			shellScript = "\"${SRCROOT}/Pods/Target Support Files/Pods-OurProjectBySwift/Pods-OurProjectBySwift-resources.sh\"\n";
			showEnvVarsInLog = 0;
		};
/* End PBXShellScriptBuildPhase section */

/* Begin PBXSourcesBuildPhase section */
		0E5E13E01C43459B00E01CCE /* Sources */ = {
			isa = PBXSourcesBuildPhase;
			buildActionMask = 2147483647;
			files = (
				0E090A941C4FD94200F15915 /* BaseNaviController.swift in Sources */,
				0E723ED41C4650560096E8BB /* BaseViewController.swift in Sources */,
				0E5E13EA1C43459B00E01CCE /* ViewController.swift in Sources */,
				0E6381101C4F735B00D471D0 /* PSBarButtonItem.swift in Sources */,
				0E090A981C4FDEC800F15915 /* PSColor.swift in Sources */,
				0E723ED21C464FA90096E8BB /* BaseView.swift in Sources */,
				0E8907811C437E6D0059EC45 /* UserInfo.m in Sources */,
				0E2C9D741C50725400E511FB /* HomeViewController.swift in Sources */,
				0E5E13E81C43459B00E01CCE /* AppDelegate.swift in Sources */,
				0E443E4F1C489C6B001459D1 /* NetWorkingUtil.swift in Sources */,
				0E2C9D781C50727600E511FB /* MyViewController.swift in Sources */,
				0E2C9D761C50726700E511FB /* MessageViewController.swift in Sources */,
				0E2C9D7A1C50728400E511FB /* ProjectViewController.swift in Sources */,
				0E090A9B1C4FDFDD00F15915 /* MainViewController.swift in Sources */,
			);
			runOnlyForDeploymentPostprocessing = 0;
		};
		0E5E13F41C43459B00E01CCE /* Sources */ = {
			isa = PBXSourcesBuildPhase;
			buildActionMask = 2147483647;
			files = (
				0E5E13FD1C43459B00E01CCE /* OurProjectBySwiftTests.swift in Sources */,
			);
			runOnlyForDeploymentPostprocessing = 0;
		};
		0E5E13FF1C43459B00E01CCE /* Sources */ = {
			isa = PBXSourcesBuildPhase;
			buildActionMask = 2147483647;
			files = (
				0E5E14081C43459C00E01CCE /* OurProjectBySwiftUITests.swift in Sources */,
			);
			runOnlyForDeploymentPostprocessing = 0;
		};
/* End PBXSourcesBuildPhase section */

/* Begin PBXTargetDependency section */
		0E5E13FA1C43459B00E01CCE /* PBXTargetDependency */ = {
			isa = PBXTargetDependency;
			target = 0E5E13E31C43459B00E01CCE /* OurProjectBySwift */;
			targetProxy = 0E5E13F91C43459B00E01CCE /* PBXContainerItemProxy */;
		};
		0E5E14051C43459B00E01CCE /* PBXTargetDependency */ = {
			isa = PBXTargetDependency;
			target = 0E5E13E31C43459B00E01CCE /* OurProjectBySwift */;
			targetProxy = 0E5E14041C43459B00E01CCE /* PBXContainerItemProxy */;
		};
/* End PBXTargetDependency section */

/* Begin PBXVariantGroup section */
		0E5E13EB1C43459B00E01CCE /* Main.storyboard */ = {
			isa = PBXVariantGroup;
			children = (
				0E5E13EC1C43459B00E01CCE /* Base */,
			);
			name = Main.storyboard;
			sourceTree = "<group>";
		};
		0E5E13F01C43459B00E01CCE /* LaunchScreen.storyboard */ = {
			isa = PBXVariantGroup;
			children = (
				0E5E13F11C43459B00E01CCE /* Base */,
			);
			name = LaunchScreen.storyboard;
			sourceTree = "<group>";
		};
/* End PBXVariantGroup section */

/* Begin XCBuildConfiguration section */
		0E5E140A1C43459C00E01CCE /* Debug */ = {
			isa = XCBuildConfiguration;
			buildSettings = {
				ALWAYS_SEARCH_USER_PATHS = NO;
				CLANG_CXX_LANGUAGE_STANDARD = "gnu++0x";
				CLANG_CXX_LIBRARY = "libc++";
				CLANG_ENABLE_MODULES = YES;
				CLANG_ENABLE_OBJC_ARC = YES;
				CLANG_WARN_BOOL_CONVERSION = YES;
				CLANG_WARN_CONSTANT_CONVERSION = YES;
				CLANG_WARN_DIRECT_OBJC_ISA_USAGE = YES_ERROR;
				CLANG_WARN_EMPTY_BODY = YES;
				CLANG_WARN_ENUM_CONVERSION = YES;
				CLANG_WARN_INT_CONVERSION = YES;
				CLANG_WARN_OBJC_ROOT_CLASS = YES_ERROR;
				CLANG_WARN_UNREACHABLE_CODE = YES;
				CLANG_WARN__DUPLICATE_METHOD_MATCH = YES;
				"CODE_SIGN_IDENTITY[sdk=iphoneos*]" = "iPhone Developer";
				COPY_PHASE_STRIP = NO;
				DEBUG_INFORMATION_FORMAT = dwarf;
				ENABLE_STRICT_OBJC_MSGSEND = YES;
				ENABLE_TESTABILITY = YES;
				GCC_C_LANGUAGE_STANDARD = gnu99;
				GCC_DYNAMIC_NO_PIC = NO;
				GCC_NO_COMMON_BLOCKS = YES;
				GCC_OPTIMIZATION_LEVEL = 0;
				GCC_PREPROCESSOR_DEFINITIONS = (
					"DEBUG=1",
					"$(inherited)",
				);
				GCC_WARN_64_TO_32_BIT_CONVERSION = YES;
				GCC_WARN_ABOUT_RETURN_TYPE = YES_ERROR;
				GCC_WARN_UNDECLARED_SELECTOR = YES;
				GCC_WARN_UNINITIALIZED_AUTOS = YES_AGGRESSIVE;
				GCC_WARN_UNUSED_FUNCTION = YES;
				GCC_WARN_UNUSED_VARIABLE = YES;
				IPHONEOS_DEPLOYMENT_TARGET = 9.2;
				MTL_ENABLE_DEBUG_INFO = YES;
				ONLY_ACTIVE_ARCH = YES;
				SDKROOT = iphoneos;
				SWIFT_OPTIMIZATION_LEVEL = "-Onone";
			};
			name = Debug;
		};
		0E5E140B1C43459C00E01CCE /* Release */ = {
			isa = XCBuildConfiguration;
			buildSettings = {
				ALWAYS_SEARCH_USER_PATHS = NO;
				CLANG_CXX_LANGUAGE_STANDARD = "gnu++0x";
				CLANG_CXX_LIBRARY = "libc++";
				CLANG_ENABLE_MODULES = YES;
				CLANG_ENABLE_OBJC_ARC = YES;
				CLANG_WARN_BOOL_CONVERSION = YES;
				CLANG_WARN_CONSTANT_CONVERSION = YES;
				CLANG_WARN_DIRECT_OBJC_ISA_USAGE = YES_ERROR;
				CLANG_WARN_EMPTY_BODY = YES;
				CLANG_WARN_ENUM_CONVERSION = YES;
				CLANG_WARN_INT_CONVERSION = YES;
				CLANG_WARN_OBJC_ROOT_CLASS = YES_ERROR;
				CLANG_WARN_UNREACHABLE_CODE = YES;
				CLANG_WARN__DUPLICATE_METHOD_MATCH = YES;
				"CODE_SIGN_IDENTITY[sdk=iphoneos*]" = "iPhone Developer";
				COPY_PHASE_STRIP = NO;
				DEBUG_INFORMATION_FORMAT = "dwarf-with-dsym";
				ENABLE_NS_ASSERTIONS = NO;
				ENABLE_STRICT_OBJC_MSGSEND = YES;
				GCC_C_LANGUAGE_STANDARD = gnu99;
				GCC_NO_COMMON_BLOCKS = YES;
				GCC_WARN_64_TO_32_BIT_CONVERSION = YES;
				GCC_WARN_ABOUT_RETURN_TYPE = YES_ERROR;
				GCC_WARN_UNDECLARED_SELECTOR = YES;
				GCC_WARN_UNINITIALIZED_AUTOS = YES_AGGRESSIVE;
				GCC_WARN_UNUSED_FUNCTION = YES;
				GCC_WARN_UNUSED_VARIABLE = YES;
				IPHONEOS_DEPLOYMENT_TARGET = 9.2;
				MTL_ENABLE_DEBUG_INFO = NO;
				SDKROOT = iphoneos;
				VALIDATE_PRODUCT = YES;
			};
			name = Release;
		};
		0E5E140D1C43459C00E01CCE /* Debug */ = {
			isa = XCBuildConfiguration;
			baseConfigurationReference = 806CA4FA3EF868CA595B6F78 /* Pods-OurProjectBySwift.debug.xcconfig */;
			buildSettings = {
				ASSETCATALOG_COMPILER_APPICON_NAME = AppIcon;
				CLANG_ENABLE_MODULES = YES;
				FRAMEWORK_SEARCH_PATHS = "$(inherited)";
				GCC_PREFIX_HEADER = "";
				HEADER_SEARCH_PATHS = Our;
				INFOPLIST_FILE = OurProjectBySwift/Info.plist;
				IPHONEOS_DEPLOYMENT_TARGET = 8.0;
				LD_RUNPATH_SEARCH_PATHS = "$(inherited) @executable_path/Frameworks";
				PRODUCT_BUNDLE_IDENTIFIER = com.niuduz.OurProjectBySwift;
				PRODUCT_NAME = "$(TARGET_NAME)";
				SWIFT_OBJC_BRIDGING_HEADER = "OurProjectBySwift/OurProjectBySwift-Bridging-Header.h";
				SWIFT_OPTIMIZATION_LEVEL = "-Onone";
			};
			name = Debug;
		};
		0E5E140E1C43459C00E01CCE /* Release */ = {
			isa = XCBuildConfiguration;
			baseConfigurationReference = 7D40F16FE3E2B8B247E68337 /* Pods-OurProjectBySwift.release.xcconfig */;
			buildSettings = {
				ASSETCATALOG_COMPILER_APPICON_NAME = AppIcon;
				CLANG_ENABLE_MODULES = YES;
				FRAMEWORK_SEARCH_PATHS = "$(inherited)";
				GCC_PREFIX_HEADER = "";
				HEADER_SEARCH_PATHS = Our;
				INFOPLIST_FILE = OurProjectBySwift/Info.plist;
				IPHONEOS_DEPLOYMENT_TARGET = 8.0;
				LD_RUNPATH_SEARCH_PATHS = "$(inherited) @executable_path/Frameworks";
				PRODUCT_BUNDLE_IDENTIFIER = com.niuduz.OurProjectBySwift;
				PRODUCT_NAME = "$(TARGET_NAME)";
				SWIFT_OBJC_BRIDGING_HEADER = "OurProjectBySwift/OurProjectBySwift-Bridging-Header.h";
			};
			name = Release;
		};
		0E5E14101C43459C00E01CCE /* Debug */ = {
			isa = XCBuildConfiguration;
			buildSettings = {
				BUNDLE_LOADER = "$(TEST_HOST)";
				INFOPLIST_FILE = OurProjectBySwiftTests/Info.plist;
				LD_RUNPATH_SEARCH_PATHS = "$(inherited) @executable_path/Frameworks @loader_path/Frameworks";
				PRODUCT_BUNDLE_IDENTIFIER = com.niuduz.OurProjectBySwiftTests;
				PRODUCT_NAME = "$(TARGET_NAME)";
				TEST_HOST = "$(BUILT_PRODUCTS_DIR)/OurProjectBySwift.app/OurProjectBySwift";
			};
			name = Debug;
		};
		0E5E14111C43459C00E01CCE /* Release */ = {
			isa = XCBuildConfiguration;
			buildSettings = {
				BUNDLE_LOADER = "$(TEST_HOST)";
				INFOPLIST_FILE = OurProjectBySwiftTests/Info.plist;
				LD_RUNPATH_SEARCH_PATHS = "$(inherited) @executable_path/Frameworks @loader_path/Frameworks";
				PRODUCT_BUNDLE_IDENTIFIER = com.niuduz.OurProjectBySwiftTests;
				PRODUCT_NAME = "$(TARGET_NAME)";
				TEST_HOST = "$(BUILT_PRODUCTS_DIR)/OurProjectBySwift.app/OurProjectBySwift";
			};
			name = Release;
		};
		0E5E14131C43459C00E01CCE /* Debug */ = {
			isa = XCBuildConfiguration;
			buildSettings = {
				INFOPLIST_FILE = OurProjectBySwiftUITests/Info.plist;
				LD_RUNPATH_SEARCH_PATHS = "$(inherited) @executable_path/Frameworks @loader_path/Frameworks";
				PRODUCT_BUNDLE_IDENTIFIER = com.niuduz.OurProjectBySwiftUITests;
				PRODUCT_NAME = "$(TARGET_NAME)";
				TEST_TARGET_NAME = OurProjectBySwift;
				USES_XCTRUNNER = YES;
			};
			name = Debug;
		};
		0E5E14141C43459C00E01CCE /* Release */ = {
			isa = XCBuildConfiguration;
			buildSettings = {
				INFOPLIST_FILE = OurProjectBySwiftUITests/Info.plist;
				LD_RUNPATH_SEARCH_PATHS = "$(inherited) @executable_path/Frameworks @loader_path/Frameworks";
				PRODUCT_BUNDLE_IDENTIFIER = com.niuduz.OurProjectBySwiftUITests;
				PRODUCT_NAME = "$(TARGET_NAME)";
				TEST_TARGET_NAME = OurProjectBySwift;
				USES_XCTRUNNER = YES;
			};
			name = Release;
		};
/* End XCBuildConfiguration section */

/* Begin XCConfigurationList section */
		0E5E13DF1C43459B00E01CCE /* Build configuration list for PBXProject "OurProjectBySwift" */ = {
			isa = XCConfigurationList;
			buildConfigurations = (
				0E5E140A1C43459C00E01CCE /* Debug */,
				0E5E140B1C43459C00E01CCE /* Release */,
			);
			defaultConfigurationIsVisible = 0;
			defaultConfigurationName = Release;
		};
		0E5E140C1C43459C00E01CCE /* Build configuration list for PBXNativeTarget "OurProjectBySwift" */ = {
			isa = XCConfigurationList;
			buildConfigurations = (
				0E5E140D1C43459C00E01CCE /* Debug */,
				0E5E140E1C43459C00E01CCE /* Release */,
			);
			defaultConfigurationIsVisible = 0;
			defaultConfigurationName = Release;
		};
		0E5E140F1C43459C00E01CCE /* Build configuration list for PBXNativeTarget "OurProjectBySwiftTests" */ = {
			isa = XCConfigurationList;
			buildConfigurations = (
				0E5E14101C43459C00E01CCE /* Debug */,
				0E5E14111C43459C00E01CCE /* Release */,
			);
			defaultConfigurationIsVisible = 0;
			defaultConfigurationName = Release;
		};
		0E5E14121C43459C00E01CCE /* Build configuration list for PBXNativeTarget "OurProjectBySwiftUITests" */ = {
			isa = XCConfigurationList;
			buildConfigurations = (
				0E5E14131C43459C00E01CCE /* Debug */,
				0E5E14141C43459C00E01CCE /* Release */,
			);
			defaultConfigurationIsVisible = 0;
			defaultConfigurationName = Release;
		};
/* End XCConfigurationList section */
	};
	rootObject = 0E5E13DC1C43459B00E01CCE /* Project object */;
}
